
Microsoft Visual Studio Solution File, Format Version 12.00
# Visual Studio Version 17
VisualStudioVersion = 17.1.32421.90
MinimumVisualStudioVersion = 10.0.40219.1
Project("{FAE04EC0-301F-11D3-BF4B-00C04F79EFBC}") = "BulkyBook", "BulkyBook\BulkyBook.csproj", "{ED4E42E4-4884-47DA-9D26-79ABED794790}"
EndProject
Global
	GlobalSection(SolutionConfigurationPlatforms) = preSolution
		Debug|Any CPU = Debug|Any CPU
		Release|Any CPU = Release|Any CPU
	EndGlobalSection
	GlobalSection(ProjectConfigurationPlatforms) = postSolution
		{ED4E42E4-4884-47DA-9D26-79ABED794790}.Debug|Any CPU.ActiveCfg = Debug|Any CPU
		{ED4E42E4-4884-47DA-9D26-79ABED794790}.Debug|Any CPU.Build.0 = Debug|Any CPU
		{ED4E42E4-4884-47DA-9D26-79ABED794790}.Release|Any CPU.ActiveCfg = Release|Any CPU
		{ED4E42E4-4884-47DA-9D26-79ABED794790}.Release|Any CPU.Build.0 = Release|Any CPU
	EndGlobalSection
	GlobalSection(SolutionProperties) = preSolution
		HideSolutionNode = FALSE
	EndGlobalSection
	GlobalSection(ExtensibilityGlobals) = postSolution
		SolutionGuid = {FF15E3E0-0EDE-4C00-B304-F2F1984900DD}
	EndGlobalSection
EndGlobal
